
Microsoft Visual Studio Solution File, Format Version 12.00
# Visual Studio Version 16
VisualStudioVersion = 16.0.31005.135
MinimumVisualStudioVersion = 10.0.40219.1
Project("{FAE04EC0-301F-11D3-BF4B-00C04F79EFBC}") = "CarExpress", "CarExpress\CarExpress.csproj", "{67777A02-BB48-4D16-BB94-74CAE009CFE1}"
EndProject
Global
	GlobalSection(SolutionConfigurationPlatforms) = preSolution
		Debug|Any CPU = Debug|Any CPU
		Release|Any CPU = Release|Any CPU
	EndGlobalSection
	GlobalSection(ProjectConfigurationPlatforms) = postSolution
		{67777A02-BB48-4D16-BB94-74CAE009CFE1}.Debug|Any CPU.ActiveCfg = Debug|Any CPU
		{67777A02-BB48-4D16-BB94-74CAE009CFE1}.Debug|Any CPU.Build.0 = Debug|Any CPU
		{67777A02-BB48-4D16-BB94-74CAE009CFE1}.Release|Any CPU.ActiveCfg = Release|Any CPU
		{67777A02-BB48-4D16-BB94-74CAE009CFE1}.Release|Any CPU.Build.0 = Release|Any CPU
	EndGlobalSection
	GlobalSection(SolutionProperties) = preSolution
		HideSolutionNode = FALSE
	EndGlobalSection
	GlobalSection(ExtensibilityGlobals) = postSolution
		SolutionGuid = {AB6FD4C8-6207-429C-B8F6-6CE1471B1E66}
	EndGlobalSection
EndGlobal
